github.com/google/re2 v0.0.0-20230710173455-e66463312e1d h1:8O7vi+EgixPXL8YbKpmBZWimy9tMicms45Hh7U8J7No=
github.com/google/re2 v0.0.0-20230710173455-e66463312e1d/go.mod h1:ZlBvb65OZwjnLV/l4B1HGCxZXoW40tN1siMMczg4kog=
github.com/moovweb/rubex v0.0.1 h1:ly/bF6+2uxAciT7hvw+Uic5/s9l9SQW62sAJrJoa3f8=
github.com/moovweb/rubex v0.0.1/go.mod h1:90aE2qyzrZcSjdtHLiLvKXwXepSU2Xov6T/3g/rTEt4=
